
Microsoft Visual Studio Solution File, Format Version 11.00
# Visual Studio 2010
Project("{8BC9CEB8-8B4A-11D0-8D11-00A0C91BC942}") = "yabber", "yabber.vcxproj", "{0A33FAB2-7175-443B-9927-19E7A487FE60}"
EndProject
Project("{8BC9CEB8-8B4A-11D0-8D11-00A0C91BC942}") = "yabber-test", "yabber-test.vcxproj", "{6DA525EF-BEEA-4FFA-BF87-53B8906ED3D8}"
EndProject
Global
	GlobalSection(SolutionConfigurationPlatforms) = preSolution
		Debug|Win32 = Debug|Win32
		Release|Win32 = Release|Win32
	EndGlobalSection
	GlobalSection(ProjectConfigurationPlatforms) = postSolution
		{0A33FAB2-7175-443B-9927-19E7A487FE60}.Debug|Win32.ActiveCfg = Debug|Win32
		{0A33FAB2-7175-443B-9927-19E7A487FE60}.Debug|Win32.Build.0 = Debug|Win32
		{0A33FAB2-7175-443B-9927-19E7A487FE60}.Release|Win32.ActiveCfg = Release|Win32
		{0A33FAB2-7175-443B-9927-19E7A487FE60}.Release|Win32.Build.0 = Release|Win32
		{6DA525EF-BEEA-4FFA-BF87-53B8906ED3D8}.Debug|Win32.ActiveCfg = Debug|Win32
		{6DA525EF-BEEA-4FFA-BF87-53B8906ED3D8}.Debug|Win32.Build.0 = Debug|Win32
		{6DA525EF-BEEA-4FFA-BF87-53B8906ED3D8}.Release|Win32.ActiveCfg = Release|Win32
		{6DA525EF-BEEA-4FFA-BF87-53B8906ED3D8}.Release|Win32.Build.0 = Release|Win32
	EndGlobalSection
	GlobalSection(SolutionProperties) = preSolution
		HideSolutionNode = FALSE
	EndGlobalSection
EndGlobal
